
Microsoft Visual Studio Solution File, Format Version 12.00
# Visual Studio Version 16
VisualStudioVersion = 16.0.29728.190
MinimumVisualStudioVersion = 10.0.40219.1
Project("{FAE04EC0-301F-11D3-BF4B-00C04F79EFBC}") = "PMDataSynchronizer", "PMDataSynchronizer\PMDataSynchronizer.csproj", "{ACFA0D04-BEAF-4218-9531-D12631938ED3}"
EndProject
Global
	GlobalSection(SolutionConfigurationPlatforms) = preSolution
		Debug|Any CPU = Debug|Any CPU
		Release|Any CPU = Release|Any CPU
	EndGlobalSection
	GlobalSection(ProjectConfigurationPlatforms) = postSolution
		{ACFA0D04-BEAF-4218-9531-D12631938ED3}.Debug|Any CPU.ActiveCfg = Debug|Any CPU
		{ACFA0D04-BEAF-4218-9531-D12631938ED3}.Debug|Any CPU.Build.0 = Debug|Any CPU
		{ACFA0D04-BEAF-4218-9531-D12631938ED3}.Release|Any CPU.ActiveCfg = Release|Any CPU
		{ACFA0D04-BEAF-4218-9531-D12631938ED3}.Release|Any CPU.Build.0 = Release|Any CPU
	EndGlobalSection
	GlobalSection(SolutionProperties) = preSolution
		HideSolutionNode = FALSE
	EndGlobalSection
	GlobalSection(ExtensibilityGlobals) = postSolution
		SolutionGuid = {829BDD48-58C4-4E7A-BC44-3793EA01E00C}
	EndGlobalSection
EndGlobal
